
Microsoft Visual Studio Solution File, Format Version 12.00
# Visual Studio Version 17
VisualStudioVersion = 17.5.33530.505
MinimumVisualStudioVersion = 10.0.40219.1
Project("{FAE04EC0-301F-11D3-BF4B-00C04F79EFBC}") = "Martin_Extend_A_String", "Martin_Extend_A_String\Martin_Extend_A_String.csproj", "{7649C072-5E47-450F-A593-5586147BEEA1}"
EndProject
Project("{FAE04EC0-301F-11D3-BF4B-00C04F79EFBC}") = "Martin_Extend_A_String_Test", "Martin_Extend_A_String_Test\Martin_Extend_A_String_Test.csproj", "{D6CAC3A1-58EC-4505-A898-1A7E66B2819A}"
EndProject
Global
	GlobalSection(SolutionConfigurationPlatforms) = preSolution
		Debug|Any CPU = Debug|Any CPU
		Release|Any CPU = Release|Any CPU
	EndGlobalSection
	GlobalSection(ProjectConfigurationPlatforms) = postSolution
		{7649C072-5E47-450F-A593-5586147BEEA1}.Debug|Any CPU.ActiveCfg = Debug|Any CPU
		{7649C072-5E47-450F-A593-5586147BEEA1}.Debug|Any CPU.Build.0 = Debug|Any CPU
		{7649C072-5E47-450F-A593-5586147BEEA1}.Release|Any CPU.ActiveCfg = Release|Any CPU
		{7649C072-5E47-450F-A593-5586147BEEA1}.Release|Any CPU.Build.0 = Release|Any CPU
		{D6CAC3A1-58EC-4505-A898-1A7E66B2819A}.Debug|Any CPU.ActiveCfg = Debug|Any CPU
		{D6CAC3A1-58EC-4505-A898-1A7E66B2819A}.Debug|Any CPU.Build.0 = Debug|Any CPU
		{D6CAC3A1-58EC-4505-A898-1A7E66B2819A}.Release|Any CPU.ActiveCfg = Release|Any CPU
		{D6CAC3A1-58EC-4505-A898-1A7E66B2819A}.Release|Any CPU.Build.0 = Release|Any CPU
	EndGlobalSection
	GlobalSection(SolutionProperties) = preSolution
		HideSolutionNode = FALSE
	EndGlobalSection
	GlobalSection(ExtensibilityGlobals) = postSolution
		SolutionGuid = {C798B68B-0F81-4E0F-BBAB-E55EF3A520A6}
	EndGlobalSection
EndGlobal
